
Microsoft Visual Studio Solution File, Format Version 12.00
# Visual Studio 15
VisualStudioVersion = 15.0.27004.2002
MinimumVisualStudioVersion = 10.0.40219.1
Project("{FAE04EC0-301F-11D3-BF4B-00C04F79EFBC}") = "HelloService", "HelloService\HelloService.csproj", "{6FC6E76C-19BD-4817-9D71-1E5FC8E273ED}"
EndProject
Project("{FAE04EC0-301F-11D3-BF4B-00C04F79EFBC}") = "HelloServiceHost", "SayHelloServiceHost\HelloServiceHost.csproj", "{851D20D6-DF85-4663-B65A-A2DD8FE4D27C}"
EndProject
Project("{FAE04EC0-301F-11D3-BF4B-00C04F79EFBC}") = "HelloServiceClient", "HelloServiceClient\HelloServiceClient.csproj", "{BE4FC821-CEF9-4623-8420-0D7C05825112}"
EndProject
Project("{FAE04EC0-301F-11D3-BF4B-00C04F79EFBC}") = "HelloServiceTCPClient", "HelloServiceTCPClient\HelloServiceTCPClient.csproj", "{41FDE371-68E8-4C02-86F9-9C8223356001}"
EndProject
Global
	GlobalSection(SolutionConfigurationPlatforms) = preSolution
		Debug|Any CPU = Debug|Any CPU
		Release|Any CPU = Release|Any CPU
	EndGlobalSection
	GlobalSection(ProjectConfigurationPlatforms) = postSolution
		{6FC6E76C-19BD-4817-9D71-1E5FC8E273ED}.Debug|Any CPU.ActiveCfg = Debug|Any CPU
		{6FC6E76C-19BD-4817-9D71-1E5FC8E273ED}.Debug|Any CPU.Build.0 = Debug|Any CPU
		{6FC6E76C-19BD-4817-9D71-1E5FC8E273ED}.Release|Any CPU.ActiveCfg = Release|Any CPU
		{6FC6E76C-19BD-4817-9D71-1E5FC8E273ED}.Release|Any CPU.Build.0 = Release|Any CPU
		{851D20D6-DF85-4663-B65A-A2DD8FE4D27C}.Debug|Any CPU.ActiveCfg = Debug|Any CPU
		{851D20D6-DF85-4663-B65A-A2DD8FE4D27C}.Debug|Any CPU.Build.0 = Debug|Any CPU
		{851D20D6-DF85-4663-B65A-A2DD8FE4D27C}.Release|Any CPU.ActiveCfg = Release|Any CPU
		{851D20D6-DF85-4663-B65A-A2DD8FE4D27C}.Release|Any CPU.Build.0 = Release|Any CPU
		{BE4FC821-CEF9-4623-8420-0D7C05825112}.Debug|Any CPU.ActiveCfg = Debug|Any CPU
		{BE4FC821-CEF9-4623-8420-0D7C05825112}.Debug|Any CPU.Build.0 = Debug|Any CPU
		{BE4FC821-CEF9-4623-8420-0D7C05825112}.Release|Any CPU.ActiveCfg = Release|Any CPU
		{BE4FC821-CEF9-4623-8420-0D7C05825112}.Release|Any CPU.Build.0 = Release|Any CPU
		{41FDE371-68E8-4C02-86F9-9C8223356001}.Debug|Any CPU.ActiveCfg = Debug|Any CPU
		{41FDE371-68E8-4C02-86F9-9C8223356001}.Debug|Any CPU.Build.0 = Debug|Any CPU
		{41FDE371-68E8-4C02-86F9-9C8223356001}.Release|Any CPU.ActiveCfg = Release|Any CPU
		{41FDE371-68E8-4C02-86F9-9C8223356001}.Release|Any CPU.Build.0 = Release|Any CPU
	EndGlobalSection
	GlobalSection(SolutionProperties) = preSolution
		HideSolutionNode = FALSE
	EndGlobalSection
	GlobalSection(ExtensibilityGlobals) = postSolution
		SolutionGuid = {1BFBAC2D-56C0-4D22-9D13-B8DC99EE3CCB}
	EndGlobalSection
EndGlobal
